
Microsoft Visual Studio Solution File, Format Version 12.00
# Visual Studio Version 16
VisualStudioVersion = 16.0.28803.156
MinimumVisualStudioVersion = 10.0.40219.1
Project("{9A19103F-16F7-4668-BE54-9A1E7A4F7556}") = "HomeManager", "HomeManager\HomeManager.csproj", "{863FD5F4-DFB2-44F7-AF60-A594D6C6B21B}"
EndProject
Project("{9A19103F-16F7-4668-BE54-9A1E7A4F7556}") = "Home", "Home\Home.csproj", "{00DF7A19-D63A-4337-BD60-DDC4E5623F09}"
EndProject
Project("{9A19103F-16F7-4668-BE54-9A1E7A4F7556}") = "HomeManagerSecurity", "Encrypter_decrypter\HomeManagerSecurity.csproj", "{00DCFE90-4E3B-41BA-87F2-0C98F2F5E7F1}"
EndProject
Global
	GlobalSection(SolutionConfigurationPlatforms) = preSolution
		Debug|Any CPU = Debug|Any CPU
		Release|Any CPU = Release|Any CPU
	EndGlobalSection
	GlobalSection(ProjectConfigurationPlatforms) = postSolution
		{863FD5F4-DFB2-44F7-AF60-A594D6C6B21B}.Debug|Any CPU.ActiveCfg = Debug|Any CPU
		{863FD5F4-DFB2-44F7-AF60-A594D6C6B21B}.Debug|Any CPU.Build.0 = Debug|Any CPU
		{863FD5F4-DFB2-44F7-AF60-A594D6C6B21B}.Release|Any CPU.ActiveCfg = Release|Any CPU
		{863FD5F4-DFB2-44F7-AF60-A594D6C6B21B}.Release|Any CPU.Build.0 = Release|Any CPU
		{00DF7A19-D63A-4337-BD60-DDC4E5623F09}.Debug|Any CPU.ActiveCfg = Debug|Any CPU
		{00DF7A19-D63A-4337-BD60-DDC4E5623F09}.Debug|Any CPU.Build.0 = Debug|Any CPU
		{00DF7A19-D63A-4337-BD60-DDC4E5623F09}.Release|Any CPU.ActiveCfg = Release|Any CPU
		{00DF7A19-D63A-4337-BD60-DDC4E5623F09}.Release|Any CPU.Build.0 = Release|Any CPU
		{00DCFE90-4E3B-41BA-87F2-0C98F2F5E7F1}.Debug|Any CPU.ActiveCfg = Debug|Any CPU
		{00DCFE90-4E3B-41BA-87F2-0C98F2F5E7F1}.Debug|Any CPU.Build.0 = Debug|Any CPU
		{00DCFE90-4E3B-41BA-87F2-0C98F2F5E7F1}.Release|Any CPU.ActiveCfg = Release|Any CPU
		{00DCFE90-4E3B-41BA-87F2-0C98F2F5E7F1}.Release|Any CPU.Build.0 = Release|Any CPU
	EndGlobalSection
	GlobalSection(SolutionProperties) = preSolution
		HideSolutionNode = FALSE
	EndGlobalSection
	GlobalSection(ExtensibilityGlobals) = postSolution
		SolutionGuid = {E7921F76-2CA7-41F8-95D3-40AC449B4878}
	EndGlobalSection
EndGlobal
